lockfileVersion: '9.0'

settings:
  autoInstallPeers: true
  excludeLinksFromLockfile: false

importers:

  .:
    dependencies:
      json-colorizer:
        specifier: ^3.0.1
        version: 3.0.1

packages:

  colorette@2.0.20:
    resolution: {integrity: sha512-IfEDxwoWIjkeXL1eXcDiow4UbKjhLdq6/EuSVR9GMN7KVH3r9gQ83e73hsz1Nd1T3ijd5xv1wcWRYO+D6kCI2w==, tarball: https://registry.npmjs.org/colorette/-/colorette-2.0.20.tgz}

  json-colorizer@3.0.1:
    resolution: {integrity: sha512-4YyRAbD6eHeRnJD9vo0zjiU5fyY9QR6T+iYuH5DpO0XPThKWozpD4MaeY/8nLZIkHC3yEQMFLL+6P94E+JekDw==, tarball: https://registry.npmjs.org/json-colorizer/-/json-colorizer-3.0.1.tgz}

snapshots:

  colorette@2.0.20: {}

  json-colorizer@3.0.1:
    dependencies:
      colorette: 2.0.20
